
Microsoft Visual Studio Solution File, Format Version 12.00
# Visual Studio Version 16
VisualStudioVersion = 16.0.31410.357
MinimumVisualStudioVersion = 10.0.40219.1
Project("{FAE04EC0-301F-11D3-BF4B-00C04F79EFBC}") = "SpikeAuthentication.Android", "SpikeAuthentication\SpikeAuthentication.Android\SpikeAuthentication.Android.csproj", "{9AF51097-3330-4D61-BC91-F9AA70462B92}"
EndProject
Project("{FAE04EC0-301F-11D3-BF4B-00C04F79EFBC}") = "SpikeAuthentication.iOS", "SpikeAuthentication\SpikeAuthentication.iOS\SpikeAuthentication.iOS.csproj", "{8B174A42-2C6F-49F9-9A69-30E9A3FCDB67}"
EndProject
Project("{FAE04EC0-301F-11D3-BF4B-00C04F79EFBC}") = "SpikeAuthentication", "SpikeAuthentication\SpikeAuthentication\SpikeAuthentication.csproj", "{AF65BFB6-14FA-459D-ACA7-A3BDAD4BEB14}"
EndProject
Global
	GlobalSection(SolutionConfigurationPlatforms) = preSolution
		Debug|Any CPU = Debug|Any CPU
		Debug|iPhone = Debug|iPhone
		Debug|iPhoneSimulator = Debug|iPhoneSimulator
		Release|Any CPU = Release|Any CPU
		Release|iPhone = Release|iPhone
		Release|iPhoneSimulator = Release|iPhoneSimulator
	EndGlobalSection
	GlobalSection(ProjectConfigurationPlatforms) = postSolution
		{9AF51097-3330-4D61-BC91-F9AA70462B92}.Debug|Any CPU.ActiveCfg = Debug|Any CPU
		{9AF51097-3330-4D61-BC91-F9AA70462B92}.Debug|Any CPU.Build.0 = Debug|Any CPU
		{9AF51097-3330-4D61-BC91-F9AA70462B92}.Debug|Any CPU.Deploy.0 = Debug|Any CPU
		{9AF51097-3330-4D61-BC91-F9AA70462B92}.Debug|iPhone.ActiveCfg = Debug|Any CPU
		{9AF51097-3330-4D61-BC91-F9AA70462B92}.Debug|iPhone.Build.0 = Debug|Any CPU
		{9AF51097-3330-4D61-BC91-F9AA70462B92}.Debug|iPhone.Deploy.0 = Debug|Any CPU
		{9AF51097-3330-4D61-BC91-F9AA70462B92}.Debug|iPhoneSimulator.ActiveCfg = Debug|Any CPU
		{9AF51097-3330-4D61-BC91-F9AA70462B92}.Debug|iPhoneSimulator.Build.0 = Debug|Any CPU
		{9AF51097-3330-4D61-BC91-F9AA70462B92}.Debug|iPhoneSimulator.Deploy.0 = Debug|Any CPU
		{9AF51097-3330-4D61-BC91-F9AA70462B92}.Release|Any CPU.ActiveCfg = Release|Any CPU
		{9AF51097-3330-4D61-BC91-F9AA70462B92}.Release|Any CPU.Build.0 = Release|Any CPU
		{9AF51097-3330-4D61-BC91-F9AA70462B92}.Release|Any CPU.Deploy.0 = Release|Any CPU
		{9AF51097-3330-4D61-BC91-F9AA70462B92}.Release|iPhone.ActiveCfg = Release|Any CPU
		{9AF51097-3330-4D61-BC91-F9AA70462B92}.Release|iPhone.Build.0 = Release|Any CPU
		{9AF51097-3330-4D61-BC91-F9AA70462B92}.Release|iPhone.Deploy.0 = Release|Any CPU
		{9AF51097-3330-4D61-BC91-F9AA70462B92}.Release|iPhoneSimulator.ActiveCfg = Release|Any CPU
		{9AF51097-3330-4D61-BC91-F9AA70462B92}.Release|iPhoneSimulator.Build.0 = Release|Any CPU
		{9AF51097-3330-4D61-BC91-F9AA70462B92}.Release|iPhoneSimulator.Deploy.0 = Release|Any CPU
		{8B174A42-2C6F-49F9-9A69-30E9A3FCDB67}.Debug|Any CPU.ActiveCfg = Debug|iPhone
		{8B174A42-2C6F-49F9-9A69-30E9A3FCDB67}.Debug|Any CPU.Build.0 = Debug|iPhone
		{8B174A42-2C6F-49F9-9A69-30E9A3FCDB67}.Debug|Any CPU.Deploy.0 = Debug|iPhone
		{8B174A42-2C6F-49F9-9A69-30E9A3FCDB67}.Debug|iPhone.ActiveCfg = Debug|iPhone
		{8B174A42-2C6F-49F9-9A69-30E9A3FCDB67}.Debug|iPhone.Build.0 = Debug|iPhone
		{8B174A42-2C6F-49F9-9A69-30E9A3FCDB67}.Debug|iPhone.Deploy.0 = Debug|iPhone
		{8B174A42-2C6F-49F9-9A69-30E9A3FCDB67}.Debug|iPhoneSimulator.ActiveCfg = Debug|iPhoneSimulator
		{8B174A42-2C6F-49F9-9A69-30E9A3FCDB67}.Debug|iPhoneSimulator.Build.0 = Debug|iPhoneSimulator
		{8B174A42-2C6F-49F9-9A69-30E9A3FCDB67}.Debug|iPhoneSimulator.Deploy.0 = Debug|iPhoneSimulator
		{8B174A42-2C6F-49F9-9A69-30E9A3FCDB67}.Release|Any CPU.ActiveCfg = Release|iPhoneSimulator
		{8B174A42-2C6F-49F9-9A69-30E9A3FCDB67}.Release|Any CPU.Build.0 = Release|iPhoneSimulator
		{8B174A42-2C6F-49F9-9A69-30E9A3FCDB67}.Release|Any CPU.Deploy.0 = Release|iPhoneSimulator
		{8B174A42-2C6F-49F9-9A69-30E9A3FCDB67}.Release|iPhone.ActiveCfg = Release|iPhone
		{8B174A42-2C6F-49F9-9A69-30E9A3FCDB67}.Release|iPhone.Build.0 = Release|iPhone
		{8B174A42-2C6F-49F9-9A69-30E9A3FCDB67}.Release|iPhone.Deploy.0 = Release|iPhone
		{8B174A42-2C6F-49F9-9A69-30E9A3FCDB67}.Release|iPhoneSimulator.ActiveCfg = Release|iPhoneSimulator
		{8B174A42-2C6F-49F9-9A69-30E9A3FCDB67}.Release|iPhoneSimulator.Build.0 = Release|iPhoneSimulator
		{8B174A42-2C6F-49F9-9A69-30E9A3FCDB67}.Release|iPhoneSimulator.Deploy.0 = Release|iPhoneSimulator
		{AF65BFB6-14FA-459D-ACA7-A3BDAD4BEB14}.Debug|Any CPU.ActiveCfg = Debug|Any CPU
		{AF65BFB6-14FA-459D-ACA7-A3BDAD4BEB14}.Debug|Any CPU.Build.0 = Debug|Any CPU
		{AF65BFB6-14FA-459D-ACA7-A3BDAD4BEB14}.Debug|Any CPU.Deploy.0 = Debug|Any CPU
		{AF65BFB6-14FA-459D-ACA7-A3BDAD4BEB14}.Debug|iPhone.ActiveCfg = Debug|Any CPU
		{AF65BFB6-14FA-459D-ACA7-A3BDAD4BEB14}.Debug|iPhone.Build.0 = Debug|Any CPU
		{AF65BFB6-14FA-459D-ACA7-A3BDAD4BEB14}.Debug|iPhone.Deploy.0 = Debug|Any CPU
		{AF65BFB6-14FA-459D-ACA7-A3BDAD4BEB14}.Debug|iPhoneSimulator.ActiveCfg = Debug|Any CPU
		{AF65BFB6-14FA-459D-ACA7-A3BDAD4BEB14}.Debug|iPhoneSimulator.Build.0 = Debug|Any CPU
		{AF65BFB6-14FA-459D-ACA7-A3BDAD4BEB14}.Debug|iPhoneSimulator.Deploy.0 = Debug|Any CPU
		{AF65BFB6-14FA-459D-ACA7-A3BDAD4BEB14}.Release|Any CPU.ActiveCfg = Release|Any CPU
		{AF65BFB6-14FA-459D-ACA7-A3BDAD4BEB14}.Release|Any CPU.Build.0 = Release|Any CPU
		{AF65BFB6-14FA-459D-ACA7-A3BDAD4BEB14}.Release|Any CPU.Deploy.0 = Release|Any CPU
		{AF65BFB6-14FA-459D-ACA7-A3BDAD4BEB14}.Release|iPhone.ActiveCfg = Release|Any CPU
		{AF65BFB6-14FA-459D-ACA7-A3BDAD4BEB14}.Release|iPhone.Build.0 = Release|Any CPU
		{AF65BFB6-14FA-459D-ACA7-A3BDAD4BEB14}.Release|iPhone.Deploy.0 = Release|Any CPU
		{AF65BFB6-14FA-459D-ACA7-A3BDAD4BEB14}.Release|iPhoneSimulator.ActiveCfg = Release|Any CPU
		{AF65BFB6-14FA-459D-ACA7-A3BDAD4BEB14}.Release|iPhoneSimulator.Build.0 = Release|Any CPU
		{AF65BFB6-14FA-459D-ACA7-A3BDAD4BEB14}.Release|iPhoneSimulator.Deploy.0 = Release|Any CPU
	EndGlobalSection
	GlobalSection(SolutionProperties) = preSolution
		HideSolutionNode = FALSE
	EndGlobalSection
	GlobalSection(ExtensibilityGlobals) = postSolution
		SolutionGuid = {48F4B1FA-E251-4136-B741-1637E03A9911}
	EndGlobalSection
EndGlobal
